
Microsoft Visual Studio Solution File, Format Version 12.00
# Visual Studio Version 16
VisualStudioVersion = 16.0.31129.286
MinimumVisualStudioVersion = 10.0.40219.1
Project("{FAE04EC0-301F-11D3-BF4B-00C04F79EFBC}") = "QuadaceGamestore", "QuadaceGamestore.csproj", "{A7ACC213-A04F-4318-B1DF-12B91980ED0E}"
EndProject
Global
	GlobalSection(SolutionConfigurationPlatforms) = preSolution
		Debug|Any CPU = Debug|Any CPU
		Release|Any CPU = Release|Any CPU
	EndGlobalSection
	GlobalSection(ProjectConfigurationPlatforms) = postSolution
		{A7ACC213-A04F-4318-B1DF-12B91980ED0E}.Debug|Any CPU.ActiveCfg = Debug|Any CPU
		{A7ACC213-A04F-4318-B1DF-12B91980ED0E}.Debug|Any CPU.Build.0 = Debug|Any CPU
		{A7ACC213-A04F-4318-B1DF-12B91980ED0E}.Release|Any CPU.ActiveCfg = Release|Any CPU
		{A7ACC213-A04F-4318-B1DF-12B91980ED0E}.Release|Any CPU.Build.0 = Release|Any CPU
	EndGlobalSection
	GlobalSection(SolutionProperties) = preSolution
		HideSolutionNode = FALSE
	EndGlobalSection
	GlobalSection(ExtensibilityGlobals) = postSolution
		SolutionGuid = {5D971C94-842E-486D-AE81-D6732FA2A14B}
	EndGlobalSection
EndGlobal
